
Microsoft Visual Studio Solution File, Format Version 12.00
# Visual Studio Version 17
VisualStudioVersion = 17.0.31903.59
MinimumVisualStudioVersion = 10.0.40219.1
Project("{2150E333-8FDC-42A3-9474-1A3956D46DE8}") = "src", "src", "{827E0CD3-B72D-47B6-A68D-7590B98EB39B}"
EndProject
Project("{FAE04EC0-301F-11D3-BF4B-00C04F79EFBC}") = "TuneTag.Core", "src\TuneTag.Core\TuneTag.Core.csproj", "{64FAA6C3-50A2-4F54-BDD0-5A4ED8C39DEF}"
EndProject
Project("{2150E333-8FDC-42A3-9474-1A3956D46DE8}") = "tests", "tests", "{0AB3BF05-4346-4AA6-1389-037BE0695223}"
EndProject
Project("{FAE04EC0-301F-11D3-BF4B-00C04F79EFBC}") = "TuneTag.Core.Tests", "tests\TuneTag.Core.Tests\TuneTag.Core.Tests.csproj", "{CB70FAA1-B2F8-4F14-9C04-95A7101FCAE5}"
EndProject
Project("{FAE04EC0-301F-11D3-BF4B-00C04F79EFBC}") = "TuneTag.Cli", "src\TuneTag.Cli\TuneTag.Cli.csproj", "{6EAC13ED-920E-47FF-84D0-E0F4BAB9E38F}"
EndProject
Project("{FAE04EC0-301F-11D3-BF4B-00C04F79EFBC}") = "TuneTag.Cli.Tests", "tests\TuneTag.Cli.Tests\TuneTag.Cli.Tests.csproj", "{C658D4FB-18C4-4945-BB19-3DB1DB6EE377}"
EndProject
Global
	GlobalSection(SolutionConfigurationPlatforms) = preSolution
		Debug|Any CPU = Debug|Any CPU
		Debug|x64 = Debug|x64
		Debug|x86 = Debug|x86
		Release|Any CPU = Release|Any CPU
		Release|x64 = Release|x64
		Release|x86 = Release|x86
	EndGlobalSection
	GlobalSection(ProjectConfigurationPlatforms) = postSolution
		{64FAA6C3-50A2-4F54-BDD0-5A4ED8C39DEF}.Debug|Any CPU.ActiveCfg = Debug|Any CPU
		{64FAA6C3-50A2-4F54-BDD0-5A4ED8C39DEF}.Debug|Any CPU.Build.0 = Debug|Any CPU
		{64FAA6C3-50A2-4F54-BDD0-5A4ED8C39DEF}.Debug|x64.ActiveCfg = Debug|Any CPU
		{64FAA6C3-50A2-4F54-BDD0-5A4ED8C39DEF}.Debug|x64.Build.0 = Debug|Any CPU
		{64FAA6C3-50A2-4F54-BDD0-5A4ED8C39DEF}.Debug|x86.ActiveCfg = Debug|Any CPU
		{64FAA6C3-50A2-4F54-BDD0-5A4ED8C39DEF}.Debug|x86.Build.0 = Debug|Any CPU
		{64FAA6C3-50A2-4F54-BDD0-5A4ED8C39DEF}.Release|Any CPU.ActiveCfg = Release|Any CPU
		{64FAA6C3-50A2-4F54-BDD0-5A4ED8C39DEF}.Release|Any CPU.Build.0 = Release|Any CPU
		{64FAA6C3-50A2-4F54-BDD0-5A4ED8C39DEF}.Release|x64.ActiveCfg = Release|Any CPU
		{64FAA6C3-50A2-4F54-BDD0-5A4ED8C39DEF}.Release|x64.Build.0 = Release|Any CPU
		{64FAA6C3-50A2-4F54-BDD0-5A4ED8C39DEF}.Release|x86.ActiveCfg = Release|Any CPU
		{64FAA6C3-50A2-4F54-BDD0-5A4ED8C39DEF}.Release|x86.Build.0 = Release|Any CPU
		{CB70FAA1-B2F8-4F14-9C04-95A7101FCAE5}.Debug|Any CPU.ActiveCfg = Debug|Any CPU
		{CB70FAA1-B2F8-4F14-9C04-95A7101FCAE5}.Debug|Any CPU.Build.0 = Debug|Any CPU
		{CB70FAA1-B2F8-4F14-9C04-95A7101FCAE5}.Debug|x64.ActiveCfg = Debug|Any CPU
		{CB70FAA1-B2F8-4F14-9C04-95A7101FCAE5}.Debug|x64.Build.0 = Debug|Any CPU
		{CB70FAA1-B2F8-4F14-9C04-95A7101FCAE5}.Debug|x86.ActiveCfg = Debug|Any CPU
		{CB70FAA1-B2F8-4F14-9C04-95A7101FCAE5}.Debug|x86.Build.0 = Debug|Any CPU
		{CB70FAA1-B2F8-4F14-9C04-95A7101FCAE5}.Release|Any CPU.ActiveCfg = Release|Any CPU
		{CB70FAA1-B2F8-4F14-9C04-95A7101FCAE5}.Release|Any CPU.Build.0 = Release|Any CPU
		{CB70FAA1-B2F8-4F14-9C04-95A7101FCAE5}.Release|x64.ActiveCfg = Release|Any CPU
		{CB70FAA1-B2F8-4F14-9C04-95A7101FCAE5}.Release|x64.Build.0 = Release|Any CPU
		{CB70FAA1-B2F8-4F14-9C04-95A7101FCAE5}.Release|x86.ActiveCfg = Release|Any CPU
		{CB70FAA1-B2F8-4F14-9C04-95A7101FCAE5}.Release|x86.Build.0 = Release|Any CPU
		{6EAC13ED-920E-47FF-84D0-E0F4BAB9E38F}.Debug|Any CPU.ActiveCfg = Debug|Any CPU
		{6EAC13ED-920E-47FF-84D0-E0F4BAB9E38F}.Debug|Any CPU.Build.0 = Debug|Any CPU
		{6EAC13ED-920E-47FF-84D0-E0F4BAB9E38F}.Debug|x64.ActiveCfg = Debug|Any CPU
		{6EAC13ED-920E-47FF-84D0-E0F4BAB9E38F}.Debug|x64.Build.0 = Debug|Any CPU
		{6EAC13ED-920E-47FF-84D0-E0F4BAB9E38F}.Debug|x86.ActiveCfg = Debug|Any CPU
		{6EAC13ED-920E-47FF-84D0-E0F4BAB9E38F}.Debug|x86.Build.0 = Debug|Any CPU
		{6EAC13ED-920E-47FF-84D0-E0F4BAB9E38F}.Release|Any CPU.ActiveCfg = Release|Any CPU
		{6EAC13ED-920E-47FF-84D0-E0F4BAB9E38F}.Release|Any CPU.Build.0 = Release|Any CPU
		{6EAC13ED-920E-47FF-84D0-E0F4BAB9E38F}.Release|x64.ActiveCfg = Release|Any CPU
		{6EAC13ED-920E-47FF-84D0-E0F4BAB9E38F}.Release|x64.Build.0 = Release|Any CPU
		{6EAC13ED-920E-47FF-84D0-E0F4BAB9E38F}.Release|x86.ActiveCfg = Release|Any CPU
		{6EAC13ED-920E-47FF-84D0-E0F4BAB9E38F}.Release|x86.Build.0 = Release|Any CPU
		{C658D4FB-18C4-4945-BB19-3DB1DB6EE377}.Debug|Any CPU.ActiveCfg = Debug|Any CPU
		{C658D4FB-18C4-4945-BB19-3DB1DB6EE377}.Debug|Any CPU.Build.0 = Debug|Any CPU
		{C658D4FB-18C4-4945-BB19-3DB1DB6EE377}.Debug|x64.ActiveCfg = Debug|Any CPU
		{C658D4FB-18C4-4945-BB19-3DB1DB6EE377}.Debug|x64.Build.0 = Debug|Any CPU
		{C658D4FB-18C4-4945-BB19-3DB1DB6EE377}.Debug|x86.ActiveCfg = Debug|Any CPU
		{C658D4FB-18C4-4945-BB19-3DB1DB6EE377}.Debug|x86.Build.0 = Debug|Any CPU
		{C658D4FB-18C4-4945-BB19-3DB1DB6EE377}.Release|Any CPU.ActiveCfg = Release|Any CPU
		{C658D4FB-18C4-4945-BB19-3DB1DB6EE377}.Release|Any CPU.Build.0 = Release|Any CPU
		{C658D4FB-18C4-4945-BB19-3DB1DB6EE377}.Release|x64.ActiveCfg = Release|Any CPU
		{C658D4FB-18C4-4945-BB19-3DB1DB6EE377}.Release|x64.Build.0 = Release|Any CPU
		{C658D4FB-18C4-4945-BB19-3DB1DB6EE377}.Release|x86.ActiveCfg = Release|Any CPU
		{C658D4FB-18C4-4945-BB19-3DB1DB6EE377}.Release|x86.Build.0 = Release|Any CPU
	EndGlobalSection
	GlobalSection(SolutionProperties) = preSolution
		HideSolutionNode = FALSE
	EndGlobalSection
	GlobalSection(NestedProjects) = preSolution
		{64FAA6C3-50A2-4F54-BDD0-5A4ED8C39DEF} = {827E0CD3-B72D-47B6-A68D-7590B98EB39B}
		{CB70FAA1-B2F8-4F14-9C04-95A7101FCAE5} = {0AB3BF05-4346-4AA6-1389-037BE0695223}
		{6EAC13ED-920E-47FF-84D0-E0F4BAB9E38F} = {827E0CD3-B72D-47B6-A68D-7590B98EB39B}
		{C658D4FB-18C4-4945-BB19-3DB1DB6EE377} = {0AB3BF05-4346-4AA6-1389-037BE0695223}
	EndGlobalSection
EndGlobal
